
Microsoft Visual Studio Solution File, Format Version 12.00
# Visual Studio 14
VisualStudioVersion = 14.0.25420.1
MinimumVisualStudioVersion = 10.0.40219.1
Project("{FAE04EC0-301F-11D3-BF4B-00C04F79EFBC}") = "AppWebMuseo", "MUSEO\AppWebMuseo.csproj", "{2E963BAB-5520-4801-BEFB-27CE29CDD77B}"
EndProject
Project("{FAE04EC0-301F-11D3-BF4B-00C04F79EFBC}") = "Museo.Libreria.Datos", "Museo.Libreria.Datos\Museo.Libreria.Datos.csproj", "{3B82D7F4-982B-45E9-A8B8-A16AD725A384}"
EndProject
Project("{FAE04EC0-301F-11D3-BF4B-00C04F79EFBC}") = "Museo.Libreria.Negocio", "Museo.Libreria.Negocio\Museo.Libreria.Negocio.csproj", "{3704E5D3-E1FD-478D-9C07-75D18606CD09}"
EndProject
Global
	GlobalSection(SolutionConfigurationPlatforms) = preSolution
		Debug|Any CPU = Debug|Any CPU
		Release|Any CPU = Release|Any CPU
	EndGlobalSection
	GlobalSection(ProjectConfigurationPlatforms) = postSolution
		{2E963BAB-5520-4801-BEFB-27CE29CDD77B}.Debug|Any CPU.ActiveCfg = Debug|Any CPU
		{2E963BAB-5520-4801-BEFB-27CE29CDD77B}.Debug|Any CPU.Build.0 = Debug|Any CPU
		{2E963BAB-5520-4801-BEFB-27CE29CDD77B}.Release|Any CPU.ActiveCfg = Release|Any CPU
		{2E963BAB-5520-4801-BEFB-27CE29CDD77B}.Release|Any CPU.Build.0 = Release|Any CPU
		{3B82D7F4-982B-45E9-A8B8-A16AD725A384}.Debug|Any CPU.ActiveCfg = Debug|Any CPU
		{3B82D7F4-982B-45E9-A8B8-A16AD725A384}.Debug|Any CPU.Build.0 = Debug|Any CPU
		{3B82D7F4-982B-45E9-A8B8-A16AD725A384}.Release|Any CPU.ActiveCfg = Release|Any CPU
		{3B82D7F4-982B-45E9-A8B8-A16AD725A384}.Release|Any CPU.Build.0 = Release|Any CPU
		{3704E5D3-E1FD-478D-9C07-75D18606CD09}.Debug|Any CPU.ActiveCfg = Debug|Any CPU
		{3704E5D3-E1FD-478D-9C07-75D18606CD09}.Debug|Any CPU.Build.0 = Debug|Any CPU
		{3704E5D3-E1FD-478D-9C07-75D18606CD09}.Release|Any CPU.ActiveCfg = Release|Any CPU
		{3704E5D3-E1FD-478D-9C07-75D18606CD09}.Release|Any CPU.Build.0 = Release|Any CPU
	EndGlobalSection
	GlobalSection(SolutionProperties) = preSolution
		HideSolutionNode = FALSE
	EndGlobalSection
EndGlobal
